
Microsoft Visual Studio Solution File, Format Version 12.00
# Visual Studio Version 16
VisualStudioVersion = 16.0.29424.173
MinimumVisualStudioVersion = 10.0.40219.1
Project("{FAE04EC0-301F-11D3-BF4B-00C04F79EFBC}") = "ThemePark", "ThemePark\ThemePark.csproj", "{B02D2AB0-E115-4AC3-BF61-4B2C01757725}"
EndProject
Project("{FAE04EC0-301F-11D3-BF4B-00C04F79EFBC}") = "ThemePark.Tests", "ThemePark.Tests\ThemePark.Tests.csproj", "{1828AADA-55FD-49D4-8E2B-F575495473D9}"
EndProject
Global
	GlobalSection(SolutionConfigurationPlatforms) = preSolution
		Debug|Any CPU = Debug|Any CPU
		Release|Any CPU = Release|Any CPU
	EndGlobalSection
	GlobalSection(ProjectConfigurationPlatforms) = postSolution
		{B02D2AB0-E115-4AC3-BF61-4B2C01757725}.Debug|Any CPU.ActiveCfg = Debug|Any CPU
		{B02D2AB0-E115-4AC3-BF61-4B2C01757725}.Debug|Any CPU.Build.0 = Debug|Any CPU
		{B02D2AB0-E115-4AC3-BF61-4B2C01757725}.Release|Any CPU.ActiveCfg = Release|Any CPU
		{B02D2AB0-E115-4AC3-BF61-4B2C01757725}.Release|Any CPU.Build.0 = Release|Any CPU
		{1828AADA-55FD-49D4-8E2B-F575495473D9}.Debug|Any CPU.ActiveCfg = Debug|Any CPU
		{1828AADA-55FD-49D4-8E2B-F575495473D9}.Debug|Any CPU.Build.0 = Debug|Any CPU
		{1828AADA-55FD-49D4-8E2B-F575495473D9}.Release|Any CPU.ActiveCfg = Release|Any CPU
		{1828AADA-55FD-49D4-8E2B-F575495473D9}.Release|Any CPU.Build.0 = Release|Any CPU
	EndGlobalSection
	GlobalSection(SolutionProperties) = preSolution
		HideSolutionNode = FALSE
	EndGlobalSection
	GlobalSection(ExtensibilityGlobals) = postSolution
		SolutionGuid = {C3716B82-8CB8-4623-973B-BD83D0D29A03}
	EndGlobalSection
EndGlobal
